
Microsoft Visual Studio Solution File, Format Version 12.00
# Visual Studio Version 16
VisualStudioVersion = 16.0.30611.23
MinimumVisualStudioVersion = 10.0.40219.1
Project("{2150E333-8FDC-42A3-9474-1A3956D46DE8}") = "src", "src", "{95606E66-1836-4714-8D34-918F21E6AB48}"
EndProject
Project("{2150E333-8FDC-42A3-9474-1A3956D46DE8}") = "Building Blocks", "Building Blocks", "{B297F05C-9CD7-4D8E-B440-1908E70D047C}"
EndProject
Project("{2150E333-8FDC-42A3-9474-1A3956D46DE8}") = "Services", "Services", "{8B23AF8A-F159-4B19-B646-1B6E83770A24}"
EndProject
Project("{2150E333-8FDC-42A3-9474-1A3956D46DE8}") = "Web", "Web", "{1CDF2EA7-2F12-453C-915C-23338397B8B3}"
EndProject
Project("{2150E333-8FDC-42A3-9474-1A3956D46DE8}") = "Identidade", "Identidade", "{F14C37E7-EE7A-4AD8-A535-FFF85BE3C01F}"
EndProject
Project("{9A19103F-16F7-4668-BE54-9A1E7A4F7556}") = "PsicoSoft.Identidade.API", "src\services\PsicoSoft.Identidade.API\PsicoSoft.Identidade.API.csproj", "{656D8B17-51D6-49A9-94D0-E8A999F2B0CE}"
EndProject
Project("{2150E333-8FDC-42A3-9474-1A3956D46DE8}") = "MVC", "MVC", "{3BBEFA94-7349-4510-BAC4-56CB680DA802}"
EndProject
Project("{9A19103F-16F7-4668-BE54-9A1E7A4F7556}") = "PsicoSoft.WebApp.MVC", "src\web\PsicoSoft.WebApp.MVC\PsicoSoft.WebApp.MVC.csproj", "{0D32FE5A-CE30-4063-964A-B815A45336B9}"
EndProject
Project("{2150E333-8FDC-42A3-9474-1A3956D46DE8}") = "Core", "Core", "{21268A50-6322-41DA-AC98-DCE4A569A850}"
EndProject
Project("{9A19103F-16F7-4668-BE54-9A1E7A4F7556}") = "PsicoSoft.Core", "src\building blocks\PsicoSoft.Core\PsicoSoft.Core.csproj", "{42530F01-4EA9-4639-A78E-793287DAE3B9}"
EndProject
Project("{2150E333-8FDC-42A3-9474-1A3956D46DE8}") = "Paciente", "Paciente", "{88098DC6-1875-4121-82AB-32A6D6B2AC50}"
EndProject
Project("{9A19103F-16F7-4668-BE54-9A1E7A4F7556}") = "PsicoSoft.Paciente.API", "src\services\PsicoSoft.Paciente.API\PsicoSoft.Paciente.API.csproj", "{7BB18238-08B8-44DC-BBA8-4D7960E0479D}"
EndProject
Project("{2150E333-8FDC-42A3-9474-1A3956D46DE8}") = "Atendimento", "Atendimento", "{89426E27-71B5-487C-B507-1CC7A8D87270}"
EndProject
Project("{9A19103F-16F7-4668-BE54-9A1E7A4F7556}") = "PsicoSoft.Atendimento.API", "src\services\PsicoSoft.Atendimento.API\PsicoSoft.Atendimento.API.csproj", "{FD9777D7-792A-495D-A6E8-5C45363EEA49}"
EndProject
Global
	GlobalSection(SolutionConfigurationPlatforms) = preSolution
		Debug|Any CPU = Debug|Any CPU
		Release|Any CPU = Release|Any CPU
	EndGlobalSection
	GlobalSection(ProjectConfigurationPlatforms) = postSolution
		{656D8B17-51D6-49A9-94D0-E8A999F2B0CE}.Debug|Any CPU.ActiveCfg = Debug|Any CPU
		{656D8B17-51D6-49A9-94D0-E8A999F2B0CE}.Debug|Any CPU.Build.0 = Debug|Any CPU
		{656D8B17-51D6-49A9-94D0-E8A999F2B0CE}.Release|Any CPU.ActiveCfg = Release|Any CPU
		{656D8B17-51D6-49A9-94D0-E8A999F2B0CE}.Release|Any CPU.Build.0 = Release|Any CPU
		{0D32FE5A-CE30-4063-964A-B815A45336B9}.Debug|Any CPU.ActiveCfg = Debug|Any CPU
		{0D32FE5A-CE30-4063-964A-B815A45336B9}.Debug|Any CPU.Build.0 = Debug|Any CPU
		{0D32FE5A-CE30-4063-964A-B815A45336B9}.Release|Any CPU.ActiveCfg = Release|Any CPU
		{0D32FE5A-CE30-4063-964A-B815A45336B9}.Release|Any CPU.Build.0 = Release|Any CPU
		{42530F01-4EA9-4639-A78E-793287DAE3B9}.Debug|Any CPU.ActiveCfg = Debug|Any CPU
		{42530F01-4EA9-4639-A78E-793287DAE3B9}.Debug|Any CPU.Build.0 = Debug|Any CPU
		{42530F01-4EA9-4639-A78E-793287DAE3B9}.Release|Any CPU.ActiveCfg = Release|Any CPU
		{42530F01-4EA9-4639-A78E-793287DAE3B9}.Release|Any CPU.Build.0 = Release|Any CPU
		{7BB18238-08B8-44DC-BBA8-4D7960E0479D}.Debug|Any CPU.ActiveCfg = Debug|Any CPU
		{7BB18238-08B8-44DC-BBA8-4D7960E0479D}.Debug|Any CPU.Build.0 = Debug|Any CPU
		{7BB18238-08B8-44DC-BBA8-4D7960E0479D}.Release|Any CPU.ActiveCfg = Release|Any CPU
		{7BB18238-08B8-44DC-BBA8-4D7960E0479D}.Release|Any CPU.Build.0 = Release|Any CPU
		{FD9777D7-792A-495D-A6E8-5C45363EEA49}.Debug|Any CPU.ActiveCfg = Debug|Any CPU
		{FD9777D7-792A-495D-A6E8-5C45363EEA49}.Debug|Any CPU.Build.0 = Debug|Any CPU
		{FD9777D7-792A-495D-A6E8-5C45363EEA49}.Release|Any CPU.ActiveCfg = Release|Any CPU
		{FD9777D7-792A-495D-A6E8-5C45363EEA49}.Release|Any CPU.Build.0 = Release|Any CPU
	EndGlobalSection
	GlobalSection(SolutionProperties) = preSolution
		HideSolutionNode = FALSE
	EndGlobalSection
	GlobalSection(NestedProjects) = preSolution
		{B297F05C-9CD7-4D8E-B440-1908E70D047C} = {95606E66-1836-4714-8D34-918F21E6AB48}
		{8B23AF8A-F159-4B19-B646-1B6E83770A24} = {95606E66-1836-4714-8D34-918F21E6AB48}
		{1CDF2EA7-2F12-453C-915C-23338397B8B3} = {95606E66-1836-4714-8D34-918F21E6AB48}
		{F14C37E7-EE7A-4AD8-A535-FFF85BE3C01F} = {8B23AF8A-F159-4B19-B646-1B6E83770A24}
		{656D8B17-51D6-49A9-94D0-E8A999F2B0CE} = {F14C37E7-EE7A-4AD8-A535-FFF85BE3C01F}
		{3BBEFA94-7349-4510-BAC4-56CB680DA802} = {1CDF2EA7-2F12-453C-915C-23338397B8B3}
		{0D32FE5A-CE30-4063-964A-B815A45336B9} = {3BBEFA94-7349-4510-BAC4-56CB680DA802}
		{21268A50-6322-41DA-AC98-DCE4A569A850} = {B297F05C-9CD7-4D8E-B440-1908E70D047C}
		{42530F01-4EA9-4639-A78E-793287DAE3B9} = {21268A50-6322-41DA-AC98-DCE4A569A850}
		{88098DC6-1875-4121-82AB-32A6D6B2AC50} = {8B23AF8A-F159-4B19-B646-1B6E83770A24}
		{7BB18238-08B8-44DC-BBA8-4D7960E0479D} = {88098DC6-1875-4121-82AB-32A6D6B2AC50}
		{89426E27-71B5-487C-B507-1CC7A8D87270} = {8B23AF8A-F159-4B19-B646-1B6E83770A24}
		{FD9777D7-792A-495D-A6E8-5C45363EEA49} = {89426E27-71B5-487C-B507-1CC7A8D87270}
	EndGlobalSection
	GlobalSection(ExtensibilityGlobals) = postSolution
		SolutionGuid = {BE7F1787-0497-4369-BD9A-AC0F6D5AA571}
	EndGlobalSection
EndGlobal
