
Microsoft Visual Studio Solution File, Format Version 12.00
# Visual Studio Version 16
VisualStudioVersion = 16.0.30611.23
MinimumVisualStudioVersion = 10.0.40219.1
Project("{2150E333-8FDC-42A3-9474-1A3956D46DE8}") = "src", "src", "{95606E66-1836-4714-8D34-918F21E6AB48}"
EndProject
Project("{2150E333-8FDC-42A3-9474-1A3956D46DE8}") = "Building Blocks", "Building Blocks", "{B297F05C-9CD7-4D8E-B440-1908E70D047C}"
EndProject
Project("{2150E333-8FDC-42A3-9474-1A3956D46DE8}") = "Services", "Services", "{8B23AF8A-F159-4B19-B646-1B6E83770A24}"
EndProject
Project("{2150E333-8FDC-42A3-9474-1A3956D46DE8}") = "Web", "Web", "{1CDF2EA7-2F12-453C-915C-23338397B8B3}"
EndProject
Project("{2150E333-8FDC-42A3-9474-1A3956D46DE8}") = "Identidade", "Identidade", "{F14C37E7-EE7A-4AD8-A535-FFF85BE3C01F}"
EndProject
Project("{9A19103F-16F7-4668-BE54-9A1E7A4F7556}") = "PsicoSoft.Identidade.API", "src\services\PsicoSoft.Identidade.API\PsicoSoft.Identidade.API.csproj", "{656D8B17-51D6-49A9-94D0-E8A999F2B0CE}"
EndProject
Project("{2150E333-8FDC-42A3-9474-1A3956D46DE8}") = "MVC", "MVC", "{3BBEFA94-7349-4510-BAC4-56CB680DA802}"
EndProject
Project("{9A19103F-16F7-4668-BE54-9A1E7A4F7556}") = "PsicoSoft.WebApp.MVC", "src\web\PsicoSoft.WebApp.MVC\PsicoSoft.WebApp.MVC.csproj", "{0D32FE5A-CE30-4063-964A-B815A45336B9}"
EndProject
Project("{2150E333-8FDC-42A3-9474-1A3956D46DE8}") = "Core", "Core", "{21268A50-6322-41DA-AC98-DCE4A569A850}"
EndProject
Project("{9A19103F-16F7-4668-BE54-9A1E7A4F7556}") = "PsicoSoft.Core", "src\building blocks\PsicoSoft.Core\PsicoSoft.Core.csproj", "{42530F01-4EA9-4639-A78E-793287DAE3B9}"
EndProject
Project("{2150E333-8FDC-42A3-9474-1A3956D46DE8}") = "Atendimento", "Atendimento", "{88098DC6-1875-4121-82AB-32A6D6B2AC50}"
EndProject
Project("{2150E333-8FDC-42A3-9474-1A3956D46DE8}") = "Paciente", "Paciente", "{450AF0A2-D364-4366-84AA-579B472096B8}"
EndProject
Project("{9A19103F-16F7-4668-BE54-9A1E7A4F7556}") = "PsicoSoft.Pacientes.API", "src\services\PsicoSoft.Paciente.API\PsicoSoft.Pacientes.API.csproj", "{53F6E075-48A5-4616-A86F-61C4F16A6129}"
EndProject
Project("{2150E333-8FDC-42A3-9474-1A3956D46DE8}") = "Services", "Services", "{85DC8F40-FB77-4E2A-A43C-B3E5E6E38563}"
EndProject
Project("{9A19103F-16F7-4668-BE54-9A1E7A4F7556}") = "PsicoSoft.WebApi.Core", "src\building blocks\PsicoSoft.WebApi.Core\PsicoSoft.WebApi.Core.csproj", "{F170B7F1-F928-41C7-8F2D-A8C8106D9C47}"
EndProject
Project("{FAE04EC0-301F-11D3-BF4B-00C04F79EFBC}") = "PsicoSoft.Atendimento.API", "src\services\PsicoSoft.Atendimento.API\PsicoSoft.Atendimento.API.csproj", "{5D2FBCD8-63D5-43E7-967E-05A227DFD9DE}"
EndProject
Global
	GlobalSection(SolutionConfigurationPlatforms) = preSolution
		Debug|Any CPU = Debug|Any CPU
		Release|Any CPU = Release|Any CPU
	EndGlobalSection
	GlobalSection(ProjectConfigurationPlatforms) = postSolution
		{656D8B17-51D6-49A9-94D0-E8A999F2B0CE}.Debug|Any CPU.ActiveCfg = Debug|Any CPU
		{656D8B17-51D6-49A9-94D0-E8A999F2B0CE}.Debug|Any CPU.Build.0 = Debug|Any CPU
		{656D8B17-51D6-49A9-94D0-E8A999F2B0CE}.Release|Any CPU.ActiveCfg = Release|Any CPU
		{656D8B17-51D6-49A9-94D0-E8A999F2B0CE}.Release|Any CPU.Build.0 = Release|Any CPU
		{0D32FE5A-CE30-4063-964A-B815A45336B9}.Debug|Any CPU.ActiveCfg = Debug|Any CPU
		{0D32FE5A-CE30-4063-964A-B815A45336B9}.Debug|Any CPU.Build.0 = Debug|Any CPU
		{0D32FE5A-CE30-4063-964A-B815A45336B9}.Release|Any CPU.ActiveCfg = Release|Any CPU
		{0D32FE5A-CE30-4063-964A-B815A45336B9}.Release|Any CPU.Build.0 = Release|Any CPU
		{42530F01-4EA9-4639-A78E-793287DAE3B9}.Debug|Any CPU.ActiveCfg = Debug|Any CPU
		{42530F01-4EA9-4639-A78E-793287DAE3B9}.Debug|Any CPU.Build.0 = Debug|Any CPU
		{42530F01-4EA9-4639-A78E-793287DAE3B9}.Release|Any CPU.ActiveCfg = Release|Any CPU
		{42530F01-4EA9-4639-A78E-793287DAE3B9}.Release|Any CPU.Build.0 = Release|Any CPU
		{53F6E075-48A5-4616-A86F-61C4F16A6129}.Debug|Any CPU.ActiveCfg = Debug|Any CPU
		{53F6E075-48A5-4616-A86F-61C4F16A6129}.Debug|Any CPU.Build.0 = Debug|Any CPU
		{53F6E075-48A5-4616-A86F-61C4F16A6129}.Release|Any CPU.ActiveCfg = Release|Any CPU
		{53F6E075-48A5-4616-A86F-61C4F16A6129}.Release|Any CPU.Build.0 = Release|Any CPU
		{F170B7F1-F928-41C7-8F2D-A8C8106D9C47}.Debug|Any CPU.ActiveCfg = Debug|Any CPU
		{F170B7F1-F928-41C7-8F2D-A8C8106D9C47}.Debug|Any CPU.Build.0 = Debug|Any CPU
		{F170B7F1-F928-41C7-8F2D-A8C8106D9C47}.Release|Any CPU.ActiveCfg = Release|Any CPU
		{F170B7F1-F928-41C7-8F2D-A8C8106D9C47}.Release|Any CPU.Build.0 = Release|Any CPU
		{5D2FBCD8-63D5-43E7-967E-05A227DFD9DE}.Debug|Any CPU.ActiveCfg = Debug|Any CPU
		{5D2FBCD8-63D5-43E7-967E-05A227DFD9DE}.Debug|Any CPU.Build.0 = Debug|Any CPU
		{5D2FBCD8-63D5-43E7-967E-05A227DFD9DE}.Release|Any CPU.ActiveCfg = Release|Any CPU
		{5D2FBCD8-63D5-43E7-967E-05A227DFD9DE}.Release|Any CPU.Build.0 = Release|Any CPU
	EndGlobalSection
	GlobalSection(SolutionProperties) = preSolution
		HideSolutionNode = FALSE
	EndGlobalSection
	GlobalSection(NestedProjects) = preSolution
		{B297F05C-9CD7-4D8E-B440-1908E70D047C} = {95606E66-1836-4714-8D34-918F21E6AB48}
		{8B23AF8A-F159-4B19-B646-1B6E83770A24} = {95606E66-1836-4714-8D34-918F21E6AB48}
		{1CDF2EA7-2F12-453C-915C-23338397B8B3} = {95606E66-1836-4714-8D34-918F21E6AB48}
		{F14C37E7-EE7A-4AD8-A535-FFF85BE3C01F} = {8B23AF8A-F159-4B19-B646-1B6E83770A24}
		{656D8B17-51D6-49A9-94D0-E8A999F2B0CE} = {F14C37E7-EE7A-4AD8-A535-FFF85BE3C01F}
		{3BBEFA94-7349-4510-BAC4-56CB680DA802} = {1CDF2EA7-2F12-453C-915C-23338397B8B3}
		{0D32FE5A-CE30-4063-964A-B815A45336B9} = {3BBEFA94-7349-4510-BAC4-56CB680DA802}
		{21268A50-6322-41DA-AC98-DCE4A569A850} = {B297F05C-9CD7-4D8E-B440-1908E70D047C}
		{42530F01-4EA9-4639-A78E-793287DAE3B9} = {21268A50-6322-41DA-AC98-DCE4A569A850}
		{88098DC6-1875-4121-82AB-32A6D6B2AC50} = {8B23AF8A-F159-4B19-B646-1B6E83770A24}
		{450AF0A2-D364-4366-84AA-579B472096B8} = {8B23AF8A-F159-4B19-B646-1B6E83770A24}
		{53F6E075-48A5-4616-A86F-61C4F16A6129} = {450AF0A2-D364-4366-84AA-579B472096B8}
		{85DC8F40-FB77-4E2A-A43C-B3E5E6E38563} = {B297F05C-9CD7-4D8E-B440-1908E70D047C}
		{F170B7F1-F928-41C7-8F2D-A8C8106D9C47} = {85DC8F40-FB77-4E2A-A43C-B3E5E6E38563}
		{5D2FBCD8-63D5-43E7-967E-05A227DFD9DE} = {88098DC6-1875-4121-82AB-32A6D6B2AC50}
	EndGlobalSection
	GlobalSection(ExtensibilityGlobals) = postSolution
		SolutionGuid = {BE7F1787-0497-4369-BD9A-AC0F6D5AA571}
	EndGlobalSection
EndGlobal
